
Microsoft Visual Studio Solution File, Format Version 12.00
# Visual Studio Version 16
VisualStudioVersion = 16.0.30804.86
MinimumVisualStudioVersion = 10.0.40219.1
Project("{FAE04EC0-301F-11D3-BF4B-00C04F79EFBC}") = "WordPuzzle", "WordPuzzle\WordPuzzle.csproj", "{C9CA484B-1AD9-4A56-8AE5-18094D96CE41}"
EndProject
Project("{FAE04EC0-301F-11D3-BF4B-00C04F79EFBC}") = "WordPuzzle.domain", "WordPuzzle.domain\WordPuzzle.domain.csproj", "{E4B602FF-9CB6-4A19-BBF9-BA47A4E4B7C8}"
EndProject
Global
	GlobalSection(SolutionConfigurationPlatforms) = preSolution
		Debug|Any CPU = Debug|Any CPU
		Release|Any CPU = Release|Any CPU
	EndGlobalSection
	GlobalSection(ProjectConfigurationPlatforms) = postSolution
		{C9CA484B-1AD9-4A56-8AE5-18094D96CE41}.Debug|Any CPU.ActiveCfg = Debug|Any CPU
		{C9CA484B-1AD9-4A56-8AE5-18094D96CE41}.Debug|Any CPU.Build.0 = Debug|Any CPU
		{C9CA484B-1AD9-4A56-8AE5-18094D96CE41}.Release|Any CPU.ActiveCfg = Release|Any CPU
		{C9CA484B-1AD9-4A56-8AE5-18094D96CE41}.Release|Any CPU.Build.0 = Release|Any CPU
		{E4B602FF-9CB6-4A19-BBF9-BA47A4E4B7C8}.Debug|Any CPU.ActiveCfg = Debug|Any CPU
		{E4B602FF-9CB6-4A19-BBF9-BA47A4E4B7C8}.Debug|Any CPU.Build.0 = Debug|Any CPU
		{E4B602FF-9CB6-4A19-BBF9-BA47A4E4B7C8}.Release|Any CPU.ActiveCfg = Release|Any CPU
		{E4B602FF-9CB6-4A19-BBF9-BA47A4E4B7C8}.Release|Any CPU.Build.0 = Release|Any CPU
	EndGlobalSection
	GlobalSection(SolutionProperties) = preSolution
		HideSolutionNode = FALSE
	EndGlobalSection
	GlobalSection(ExtensibilityGlobals) = postSolution
		SolutionGuid = {11A44520-DB5A-497F-BA1B-099A9E42A73F}
	EndGlobalSection
EndGlobal
